<?xml version="1.0" encoding="utf-8"?>
<Project ToolsVersion="4.0" xmlns="http://schemas.microsoft.com/developer/msbuild/2003">
  <ItemGroup>
    <Filter Include="Source Files">
      <UniqueIdentifier>{4FC737F1-C7A5-4376-A066-2A32D752A2FF}</UniqueIdentifier>
      <Extensions>cpp;c;cc;cxx;def;odl;idl;hpj;bat;asm;asmx</Extensions>
    </Filter>
    <Filter Include="Header Files">
      <UniqueIdentifier>{93995380-89BD-4b04-88EB-625FBE52EBFB}</UniqueIdentifier>
      <Extensions>h;hh;hpp;hxx;hm;inl;inc;xsd</Extensions>
    </Filter>
    <Filter Include="Resource Files">
      <UniqueIdentifier>{67DA6AB6-F800-4c08-8B7A-83BB121AAD01}</UniqueIdentifier>
      <Extensions>rc;ico;cur;bmp;dlg;rc2;rct;bin;rgs;gif;jpg;jpeg;jpe;resx;tiff;tif;png;wav;mfcribbon-ms</Extensions>
    </Filter>
  </ItemGroup>
  <ItemGroup>
    <ClCompile Include="program.c">
      <Filter>Source Files</Filter>
    </ClCompile>
    <ClCompile Include="dialog1.c">
      <Filter>Source Files</Filter>
    </ClCompile>
    <ClCompile Include="dialog2.c">
      <Filter>Source Files</Filter>
    </ClCompile>
    <ClCompile Include="dialog3.c">
      <Filter>Source Files</Filter>
    </ClCompile>
    <ClCompile Include="dialog4.c">
      <Filter>Source Files</Filter>
    </ClCompile>
    <ClCompile Include="dialog5.c">
      <Filter>Source Files</Filter>
    </ClCompile>
    <ClCompile Include="dialog6.c">
      <Filter>Source Files</Filter>
    </ClCompile>
    <ClCompile Include="dialog7.c">
      <Filter>Source Files</Filter>
    </ClCompile>
    <ClCompile Include="dialog8.c">
      <Filter>Source Files</Filter>
    </ClCompile>
    <ClCompile Include="dialog9.c">
      <Filter>Source Files</Filter>
    </ClCompile>
    <ClCompile Include="dialog10.c">
      <Filter>Source Files</Filter>
    </ClCompile>
    <ClCompile Include="dialog11.c">
      <Filter>Source Files</Filter>
    </ClCompile>
    <ClCompile Include="dialog12.c">
      <Filter>Source Files</Filter>
    </ClCompile>
    <ClCompile Include="dialog13.c">
      <Filter>Source Files</Filter>
    </ClCompile>
    <ClCompile Include="dialog14.c">
      <Filter>Source Files</Filter>
    </ClCompile>
    <ClCompile Include="dialog15.c">
      <Filter>Source Files</Filter>
    </ClCompile>
    <ClCompile Include="dialog16.c">
      <Filter>Source Files</Filter>
    </ClCompile>
    <ClCompile Include="dialog17.c">
      <Filter>Source Files</Filter>
    </ClCompile>
    <ClCompile Include="dialog18.c">
      <Filter>Source Files</Filter>
    </ClCompile>
    <ClCompile Include="dialog19.c">
      <Filter>Source Files</Filter>
    </ClCompile>
    <ClCompile Include="dialog20.c">
      <Filter>Source Files</Filter>
    </ClCompile>
    <ClCompile Include="dialog21.c">
      <Filter>Source Files</Filter>
    </ClCompile>
    <ClCompile Include="dialog22.c">
      <Filter>Source Files</Filter>
    </ClCompile>
    <ClCompile Include="dialog23.c">
      <Filter>Source Files</Filter>
    </ClCompile>
    <ClCompile Include="dialog24.c">
      <Filter>Source Files</Filter>
    </ClCompile>
    <ClCompile Include="dialog25.c">
      <Filter>Source Files</Filter>
    </ClCompile>
  </ItemGroup>
  <ItemGroup>
    <ClInclude Include="resource.h">
      <Filter>Header Files</Filter>
    </ClInclude>
    <ClInclude Include="dialogs.h">
      <Filter>Header Files</Filter>
    </ClInclude>
    <ClInclude Include="stdafx.h">
      <Filter>Header Files</Filter>
    </ClInclude>
  </ItemGroup>
  <ItemGroup>
    <ResourceCompile Include="Test.rc">
      <Filter>Resource Files</Filter>
    </ResourceCompile>
  </ItemGroup>
  <ItemGroup>
    <Image Include="Texture1.jpg">
      <Filter>Resource Files</Filter>
    </Image>
    <Image Include="HouseAndTree.png">
      <Filter>Resource Files</Filter>
    </Image>
    <Image Include="Apple.gif">
      <Filter>Resource Files</Filter>
    </Image>
    <Image Include="Stripes.bmp">
      <Filter>Resource Files</Filter>
    </Image>
    <Image Include="GrapeBunch.bmp">
      <Filter>Resource Files</Filter>
    </Image>
    <Image Include="Metadata.jpg">
      <Filter>Resource Files</Filter>
    </Image>
    <Image Include="Metadata2.jpg">
      <Filter>Resource Files</Filter>
    </Image>
  </ItemGroup>
  <ItemGroup>
    <None Include="SampleMetafile.emf">
      <Filter>Resource Files</Filter>
    </None>
  </ItemGroup>
</Project>