<?xml version="1.0" encoding="utf-8"?>
<Project ToolsVersion="4.0" xmlns="http://schemas.microsoft.com/developer/msbuild/2003">
  <ItemGroup>
    <Filter Include="Source Files">
      <UniqueIdentifier>{4FC737F1-C7A5-4376-A066-2A32D752A2FF}</UniqueIdentifier>
      <Extensions>cpp;c;cc;cxx;def;odl;idl;hpj;bat;asm;asmx</Extensions>
    </Filter>
    <Filter Include="Header Files">
      <UniqueIdentifier>{93995380-89BD-4b04-88EB-625FBE52EBFB}</UniqueIdentifier>
      <Extensions>h;hh;hpp;hxx;hm;inl;inc;xsd</Extensions>
    </Filter>
    <Filter Include="Resource Files">
      <UniqueIdentifier>{67DA6AB6-F800-4c08-8B7A-83BB121AAD01}</UniqueIdentifier>
      <Extensions>rc;ico;cur;bmp;dlg;rc2;rct;bin;rgs;gif;jpg;jpeg;jpe;resx;tiff;tif;png;wav;mfcribbon-ms</Extensions>
    </Filter>
  </ItemGroup>
  <ItemGroup>
    <ClInclude Include="gdiplusc.h">
      <Filter>Header Files</Filter>
    </ClInclude>
    <ClInclude Include="stdafx.h">
      <Filter>Header Files</Filter>
    </ClInclude>
    <ClInclude Include="resource.h">
      <Filter>Header Files</Filter>
    </ClInclude>
  </ItemGroup>
  <ItemGroup>
    <ClCompile Include="stdafx.cpp">
      <Filter>Source Files</Filter>
    </ClCompile>
    <ClCompile Include="gdiplustypes.cpp">
      <Filter>Source Files</Filter>
    </ClCompile>
    <ClCompile Include="gdiplusenums.cpp">
      <Filter>Source Files</Filter>
    </ClCompile>
    <ClCompile Include="gdipluspixelformats.cpp">
      <Filter>Source Files</Filter>
    </ClCompile>
    <ClCompile Include="gdiplusinit.cpp">
      <Filter>Source Files</Filter>
    </ClCompile>
    <ClCompile Include="gdipluscolor.cpp">
      <Filter>Source Files</Filter>
    </ClCompile>
    <ClCompile Include="gdiplusmetaheader.cpp">
      <Filter>Source Files</Filter>
    </ClCompile>
    <ClCompile Include="gdiplusimageattributes.cpp">
      <Filter>Source Files</Filter>
    </ClCompile>
    <ClCompile Include="gdiplusmatrix.cpp">
      <Filter>Source Files</Filter>
    </ClCompile>
    <ClCompile Include="gdiplusbrush.cpp">
      <Filter>Source Files</Filter>
    </ClCompile>
    <ClCompile Include="gdipluspen.cpp">
      <Filter>Source Files</Filter>
    </ClCompile>
    <ClCompile Include="gdiplusstringformat.cpp">
      <Filter>Source Files</Filter>
    </ClCompile>
    <ClCompile Include="gdipluspath.cpp">
      <Filter>Source Files</Filter>
    </ClCompile>
    <ClCompile Include="gdipluslinecaps.cpp">
      <Filter>Source Files</Filter>
    </ClCompile>
    <ClCompile Include="gdiplusgraphics.cpp">
      <Filter>Source Files</Filter>
    </ClCompile>
    <ClCompile Include="gdiplusmetafile.cpp">
      <Filter>Source Files</Filter>
    </ClCompile>
    <ClCompile Include="gdiplusbitmap.cpp">
      <Filter>Source Files</Filter>
    </ClCompile>
    <ClCompile Include="gdipluscachedbitmap.cpp">
      <Filter>Source Files</Filter>
    </ClCompile>
    <ClCompile Include="gdiplusregion.cpp">
      <Filter>Source Files</Filter>
    </ClCompile>
    <ClCompile Include="gdiplusfontcollection.cpp">
      <Filter>Source Files</Filter>
    </ClCompile>
    <ClCompile Include="gdiplusfontfamily.cpp">
      <Filter>Source Files</Filter>
    </ClCompile>
    <ClCompile Include="gdiplusfont.cpp">
      <Filter>Source Files</Filter>
    </ClCompile>
    <ClCompile Include="gdiplusimagecodec.cpp">
      <Filter>Source Files</Filter>
    </ClCompile>
  </ItemGroup>
  <ItemGroup>
    <None Include="gdiplusc.def">
      <Filter>Resource Files</Filter>
    </None>
  </ItemGroup>
  <ItemGroup>
    <ResourceCompile Include="GDI+ C.rc">
      <Filter>Resource Files</Filter>
    </ResourceCompile>
  </ItemGroup>
</Project>